
Microsoft Visual Studio Solution File, Format Version 12.00
# Visual Studio Version 16
VisualStudioVersion = 16.0.34031.81
MinimumVisualStudioVersion = 10.0.40219.1
Project("{2150E333-8FDC-42A3-9474-1A3956D46DE8}") = "task0", "task0", "{B7436E4C-BCF4-413F-9567-0A1C1C078ADE}"
EndProject
Project("{2150E333-8FDC-42A3-9474-1A3956D46DE8}") = "task1", "task1", "{669FA745-BCAF-4795-9FCE-0E6FDF6B4EEF}"
EndProject
Project("{2150E333-8FDC-42A3-9474-1A3956D46DE8}") = "task2", "task2", "{AFCED42E-2175-43F4-AEDF-B7EE2289E872}"
EndProject
Project("{2150E333-8FDC-42A3-9474-1A3956D46DE8}") = "task3", "task3", "{6643D80F-5C35-456D-B0B3-8B83D57D3342}"
EndProject
Project("{2150E333-8FDC-42A3-9474-1A3956D46DE8}") = "task4", "task4", "{90375FCC-3ECC-41DA-8572-F87280FA03A6}"
EndProject
Project("{2150E333-8FDC-42A3-9474-1A3956D46DE8}") = "task5", "task5", "{63810D12-BAB1-4D39-B242-B9A412E7779A}"
EndProject
Project("{2150E333-8FDC-42A3-9474-1A3956D46DE8}") = "task6", "task6", "{F883FD5D-B14E-4B9C-8E3C-9E20CEDE6012}"
EndProject
Project("{2150E333-8FDC-42A3-9474-1A3956D46DE8}") = "task7", "task7", "{6FC82E01-14E7-47E4-8372-FBCE064BA2B4}"
EndProject
Project("{FAE04EC0-301F-11D3-BF4B-00C04F79EFBC}") = "task0.V3", "task0.V3\task0.V3.csproj", "{36F7573E-E908-4968-92FD-D16FA1D8FB5F}"
EndProject
Project("{FAE04EC0-301F-11D3-BF4B-00C04F79EFBC}") = "task0.V3.Lib", "task0.V3.Lib\task0.V3.Lib.csproj", "{F0ECA8E5-BD9C-446D-AE85-6DB62197245E}"
EndProject
Project("{FAE04EC0-301F-11D3-BF4B-00C04F79EFBC}") = "task0.V3.test", "task0.V3.test\task0.V3.test.csproj", "{53A74828-0471-4303-99EB-48409BEE48C7}"
EndProject
Project("{FAE04EC0-301F-11D3-BF4B-00C04F79EFBC}") = "task1.V28", "task1.V28\task1.V28.csproj", "{E40E6896-130C-4C1F-92DA-7639E98C9590}"
EndProject
Project("{FAE04EC0-301F-11D3-BF4B-00C04F79EFBC}") = "task1.V28.Lib", "task1.V28.Lib\task1.V28.Lib.csproj", "{90F8FE1C-3BCE-4886-A165-72ED19ED8292}"
EndProject
Project("{FAE04EC0-301F-11D3-BF4B-00C04F79EFBC}") = "task1.V28.test.t", "task1.V28.test.t\task1.V28.test.t.csproj", "{9C004C87-D30C-4F26-84BC-3FAB0F7AA068}"
EndProject
Project("{FAE04EC0-301F-11D3-BF4B-00C04F79EFBC}") = "task2.V13", "task2.V13\task2.V13.csproj", "{01B619B0-A141-4067-8711-D6646421C389}"
EndProject
Project("{FAE04EC0-301F-11D3-BF4B-00C04F79EFBC}") = "task2.V13.Lib", "task2.V13.Lib\task2.V13.Lib.csproj", "{A383C528-5E57-448F-9B9D-3AEFC7ABC7FC}"
EndProject
Project("{FAE04EC0-301F-11D3-BF4B-00C04F79EFBC}") = "task2.V13.test", "task2.V13.test\task2.V13.test.csproj", "{87155261-AA80-41F2-9280-3563B1EDE41D}"
EndProject
Global
	GlobalSection(SolutionConfigurationPlatforms) = preSolution
		Debug|Any CPU = Debug|Any CPU
		Release|Any CPU = Release|Any CPU
	EndGlobalSection
	GlobalSection(ProjectConfigurationPlatforms) = postSolution
		{36F7573E-E908-4968-92FD-D16FA1D8FB5F}.Debug|Any CPU.ActiveCfg = Debug|Any CPU
		{36F7573E-E908-4968-92FD-D16FA1D8FB5F}.Debug|Any CPU.Build.0 = Debug|Any CPU
		{36F7573E-E908-4968-92FD-D16FA1D8FB5F}.Release|Any CPU.ActiveCfg = Release|Any CPU
		{36F7573E-E908-4968-92FD-D16FA1D8FB5F}.Release|Any CPU.Build.0 = Release|Any CPU
		{F0ECA8E5-BD9C-446D-AE85-6DB62197245E}.Debug|Any CPU.ActiveCfg = Debug|Any CPU
		{F0ECA8E5-BD9C-446D-AE85-6DB62197245E}.Debug|Any CPU.Build.0 = Debug|Any CPU
		{F0ECA8E5-BD9C-446D-AE85-6DB62197245E}.Release|Any CPU.ActiveCfg = Release|Any CPU
		{F0ECA8E5-BD9C-446D-AE85-6DB62197245E}.Release|Any CPU.Build.0 = Release|Any CPU
		{53A74828-0471-4303-99EB-48409BEE48C7}.Debug|Any CPU.ActiveCfg = Debug|Any CPU
		{53A74828-0471-4303-99EB-48409BEE48C7}.Debug|Any CPU.Build.0 = Debug|Any CPU
		{53A74828-0471-4303-99EB-48409BEE48C7}.Release|Any CPU.ActiveCfg = Release|Any CPU
		{53A74828-0471-4303-99EB-48409BEE48C7}.Release|Any CPU.Build.0 = Release|Any CPU
		{E40E6896-130C-4C1F-92DA-7639E98C9590}.Debug|Any CPU.ActiveCfg = Debug|Any CPU
		{E40E6896-130C-4C1F-92DA-7639E98C9590}.Debug|Any CPU.Build.0 = Debug|Any CPU
		{E40E6896-130C-4C1F-92DA-7639E98C9590}.Release|Any CPU.ActiveCfg = Release|Any CPU
		{E40E6896-130C-4C1F-92DA-7639E98C9590}.Release|Any CPU.Build.0 = Release|Any CPU
		{90F8FE1C-3BCE-4886-A165-72ED19ED8292}.Debug|Any CPU.ActiveCfg = Debug|Any CPU
		{90F8FE1C-3BCE-4886-A165-72ED19ED8292}.Debug|Any CPU.Build.0 = Debug|Any CPU
		{90F8FE1C-3BCE-4886-A165-72ED19ED8292}.Release|Any CPU.ActiveCfg = Release|Any CPU
		{90F8FE1C-3BCE-4886-A165-72ED19ED8292}.Release|Any CPU.Build.0 = Release|Any CPU
		{9C004C87-D30C-4F26-84BC-3FAB0F7AA068}.Debug|Any CPU.ActiveCfg = Debug|Any CPU
		{9C004C87-D30C-4F26-84BC-3FAB0F7AA068}.Debug|Any CPU.Build.0 = Debug|Any CPU
		{9C004C87-D30C-4F26-84BC-3FAB0F7AA068}.Release|Any CPU.ActiveCfg = Release|Any CPU
		{9C004C87-D30C-4F26-84BC-3FAB0F7AA068}.Release|Any CPU.Build.0 = Release|Any CPU
		{01B619B0-A141-4067-8711-D6646421C389}.Debug|Any CPU.ActiveCfg = Debug|Any CPU
		{01B619B0-A141-4067-8711-D6646421C389}.Debug|Any CPU.Build.0 = Debug|Any CPU
		{01B619B0-A141-4067-8711-D6646421C389}.Release|Any CPU.ActiveCfg = Release|Any CPU
		{01B619B0-A141-4067-8711-D6646421C389}.Release|Any CPU.Build.0 = Release|Any CPU
		{A383C528-5E57-448F-9B9D-3AEFC7ABC7FC}.Debug|Any CPU.ActiveCfg = Debug|Any CPU
		{A383C528-5E57-448F-9B9D-3AEFC7ABC7FC}.Debug|Any CPU.Build.0 = Debug|Any CPU
		{A383C528-5E57-448F-9B9D-3AEFC7ABC7FC}.Release|Any CPU.ActiveCfg = Release|Any CPU
		{A383C528-5E57-448F-9B9D-3AEFC7ABC7FC}.Release|Any CPU.Build.0 = Release|Any CPU
		{87155261-AA80-41F2-9280-3563B1EDE41D}.Debug|Any CPU.ActiveCfg = Debug|Any CPU
		{87155261-AA80-41F2-9280-3563B1EDE41D}.Debug|Any CPU.Build.0 = Debug|Any CPU
		{87155261-AA80-41F2-9280-3563B1EDE41D}.Release|Any CPU.ActiveCfg = Release|Any CPU
		{87155261-AA80-41F2-9280-3563B1EDE41D}.Release|Any CPU.Build.0 = Release|Any CPU
	EndGlobalSection
	GlobalSection(SolutionProperties) = preSolution
		HideSolutionNode = FALSE
	EndGlobalSection
	GlobalSection(NestedProjects) = preSolution
		{36F7573E-E908-4968-92FD-D16FA1D8FB5F} = {B7436E4C-BCF4-413F-9567-0A1C1C078ADE}
		{F0ECA8E5-BD9C-446D-AE85-6DB62197245E} = {B7436E4C-BCF4-413F-9567-0A1C1C078ADE}
		{53A74828-0471-4303-99EB-48409BEE48C7} = {B7436E4C-BCF4-413F-9567-0A1C1C078ADE}
		{E40E6896-130C-4C1F-92DA-7639E98C9590} = {669FA745-BCAF-4795-9FCE-0E6FDF6B4EEF}
		{90F8FE1C-3BCE-4886-A165-72ED19ED8292} = {669FA745-BCAF-4795-9FCE-0E6FDF6B4EEF}
		{9C004C87-D30C-4F26-84BC-3FAB0F7AA068} = {669FA745-BCAF-4795-9FCE-0E6FDF6B4EEF}
		{01B619B0-A141-4067-8711-D6646421C389} = {AFCED42E-2175-43F4-AEDF-B7EE2289E872}
		{A383C528-5E57-448F-9B9D-3AEFC7ABC7FC} = {AFCED42E-2175-43F4-AEDF-B7EE2289E872}
		{87155261-AA80-41F2-9280-3563B1EDE41D} = {AFCED42E-2175-43F4-AEDF-B7EE2289E872}
	EndGlobalSection
	GlobalSection(ExtensibilityGlobals) = postSolution
		SolutionGuid = {413FABEF-C0A0-48C9-A615-5EFAD9F91CD0}
	EndGlobalSection
EndGlobal
